
Microsoft Visual Studio Solution File, Format Version 12.00
# Visual Studio Version 17
VisualStudioVersion = 17.11.35222.181
MinimumVisualStudioVersion = 10.0.40219.1
Project("{9A19103F-16F7-4668-BE54-9A1E7A4F7556}") = "CNAB Sync", "CNAB Sync.csproj", "{BFB744CD-A3C2-4A6D-B865-F60477D8C5CB}"
EndProject
Global
	GlobalSection(SolutionConfigurationPlatforms) = preSolution
		Debug|Any CPU = Debug|Any CPU
		Release|Any CPU = Release|Any CPU
	EndGlobalSection
	GlobalSection(ProjectConfigurationPlatforms) = postSolution
		{BFB744CD-A3C2-4A6D-B865-F60477D8C5CB}.Debug|Any CPU.ActiveCfg = Debug|Any CPU
		{BFB744CD-A3C2-4A6D-B865-F60477D8C5CB}.Debug|Any CPU.Build.0 = Debug|Any CPU
		{BFB744CD-A3C2-4A6D-B865-F60477D8C5CB}.Release|Any CPU.ActiveCfg = Release|Any CPU
		{BFB744CD-A3C2-4A6D-B865-F60477D8C5CB}.Release|Any CPU.Build.0 = Release|Any CPU
	EndGlobalSection
	GlobalSection(SolutionProperties) = preSolution
		HideSolutionNode = FALSE
	EndGlobalSection
	GlobalSection(ExtensibilityGlobals) = postSolution
		SolutionGuid = {C460517A-02D9-439A-84B6-0F4D5D4A5348}
	EndGlobalSection
EndGlobal
